
Microsoft Visual Studio Solution File, Format Version 12.00
# Visual Studio Version 17
VisualStudioVersion = 17.1.32421.90
MinimumVisualStudioVersion = 10.0.40219.1
Project("{FAE04EC0-301F-11D3-BF4B-00C04F79EFBC}") = "lab1", "lab1\lab1.csproj", "{85558BE6-C71C-4F94-9CA2-F5FAC63FD489}"
EndProject
Project("{FAE04EC0-301F-11D3-BF4B-00C04F79EFBC}") = "WebRequest", "WebRequest\WebRequest.csproj", "{3981A05B-092B-4AA1-9AC8-6D70DE0C828A}"
EndProject
Project("{FAE04EC0-301F-11D3-BF4B-00C04F79EFBC}") = "Dns", "Dns\Dns.csproj", "{1CE2683A-CCFC-4EFF-89AE-1F4E70AA62AD}"
EndProject
Global
	GlobalSection(SolutionConfigurationPlatforms) = preSolution
		Debug|Any CPU = Debug|Any CPU
		Release|Any CPU = Release|Any CPU
	EndGlobalSection
	GlobalSection(ProjectConfigurationPlatforms) = postSolution
		{85558BE6-C71C-4F94-9CA2-F5FAC63FD489}.Debug|Any CPU.ActiveCfg = Debug|Any CPU
		{85558BE6-C71C-4F94-9CA2-F5FAC63FD489}.Debug|Any CPU.Build.0 = Debug|Any CPU
		{85558BE6-C71C-4F94-9CA2-F5FAC63FD489}.Release|Any CPU.ActiveCfg = Release|Any CPU
		{85558BE6-C71C-4F94-9CA2-F5FAC63FD489}.Release|Any CPU.Build.0 = Release|Any CPU
		{3981A05B-092B-4AA1-9AC8-6D70DE0C828A}.Debug|Any CPU.ActiveCfg = Debug|Any CPU
		{3981A05B-092B-4AA1-9AC8-6D70DE0C828A}.Debug|Any CPU.Build.0 = Debug|Any CPU
		{3981A05B-092B-4AA1-9AC8-6D70DE0C828A}.Release|Any CPU.ActiveCfg = Release|Any CPU
		{3981A05B-092B-4AA1-9AC8-6D70DE0C828A}.Release|Any CPU.Build.0 = Release|Any CPU
		{1CE2683A-CCFC-4EFF-89AE-1F4E70AA62AD}.Debug|Any CPU.ActiveCfg = Debug|Any CPU
		{1CE2683A-CCFC-4EFF-89AE-1F4E70AA62AD}.Debug|Any CPU.Build.0 = Debug|Any CPU
		{1CE2683A-CCFC-4EFF-89AE-1F4E70AA62AD}.Release|Any CPU.ActiveCfg = Release|Any CPU
		{1CE2683A-CCFC-4EFF-89AE-1F4E70AA62AD}.Release|Any CPU.Build.0 = Release|Any CPU
	EndGlobalSection
	GlobalSection(SolutionProperties) = preSolution
		HideSolutionNode = FALSE
	EndGlobalSection
	GlobalSection(ExtensibilityGlobals) = postSolution
		SolutionGuid = {A30935A7-278E-4ABC-9038-C3C25FD3753D}
	EndGlobalSection
EndGlobal
